{
  "name": "create-soloandco-os",
  "version": "0.1.0",
  "lockfileVersion": 3,
  "requires": true,
  "packages": {
    "": {
      "name": "create-soloandco-os",
      "version": "0.1.0",
      "license": "Apache-2.0",
      "bin": {
        "create-soloandco-os": "bin/create-soloandco-os.mjs"
      },
      "engines": {
        "node": ">=20"
      }
    }
  }
}
